{
  "nodes": {
    "crane": {
      "inputs": {
        "nixpkgs": [
          "huey",
          "nixpkgs"
        ]
      },
      "locked": {
        "lastModified": 1712681629,
        "narHash": "sha256-bMDXn4AkTXLCpoZbII6pDGoSeSe9gI87jxPsHRXgu/E=",
        "owner": "ipetkov",
        "repo": "crane",
        "rev": "220387ac8e99cbee0ca4c95b621c4bc782b6a235",
        "type": "github"
      },
      "original": {
        "owner": "ipetkov",
        "repo": "crane",
        "type": "github"
      }
    },
    "flake-utils": {
      "inputs": {
        "systems": "systems"
      },
      "locked": {
        "lastModified": 1710146030,
        "narHash": "sha256-SZ5L6eA7HJ/nmkzGG7/ISclqe6oZdOZTNoesiInkXPQ=",
        "owner": "numtide",
        "repo": "flake-utils",
        "rev": "b1d9ab70662946ef0850d488da1c9019f3a9752a",
        "type": "github"
      },
      "original": {
        "owner": "numtide",
        "repo": "flake-utils",
        "type": "github"
      }
    },
    "huey": {
      "inputs": {
        "crane": "crane",
        "flake-utils": [
          "flake-utils"
        ],
        "nixpkgs": [
          "nixpkgs"
        ],
        "rust-overlay": "rust-overlay"
      },
      "locked": {
        "lastModified": 1713461180,
        "narHash": "sha256-se+IjJKP8Z1szOVpoyFQEE2QjyMkb2wbB8pLUo+zb6k=",
        "owner": "oahlen",
        "repo": "huey",
        "rev": "d971c8ffc7d791bc3214db4ee323fbb48a2dcdd1",
        "type": "github"
      },
      "original": {
        "owner": "oahlen",
        "repo": "huey",
        "type": "github"
      }
    },
    "nixpkgs": {
      "locked": {
        "lastModified": 1713451104,
        "narHash": "sha256-ERRvwDvdxTsNu5Lu7DeKARE7xj8iACqf+PCp8j7a/KY=",
        "owner": "NixOS",
        "repo": "nixpkgs",
        "rev": "53db7691fa9f6a2ca1887769919e4b8495cb7709",
        "type": "github"
      },
      "original": {
        "owner": "NixOS",
        "ref": "release-23.11",
        "repo": "nixpkgs",
        "type": "github"
      }
    },
    "root": {
      "inputs": {
        "flake-utils": "flake-utils",
        "huey": "huey",
        "nixpkgs": "nixpkgs"
      }
    },
    "rust-overlay": {
      "inputs": {
        "flake-utils": [
          "huey",
          "flake-utils"
        ],
        "nixpkgs": [
          "huey",
          "nixpkgs"
        ]
      },
      "locked": {
        "lastModified": 1713406362,
        "narHash": "sha256-85f70DM03RWqzahxXChSWcbnUYAKYBDBvyQ4P+kXVBk=",
        "owner": "oxalica",
        "repo": "rust-overlay",
        "rev": "05a4f1b28ee59f589c8a0ad877741de3c3bf894d",
        "type": "github"
      },
      "original": {
        "owner": "oxalica",
        "repo": "rust-overlay",
        "type": "github"
      }
    },
    "systems": {
      "locked": {
        "lastModified": 1681028828,
        "narHash": "sha256-Vy1rq5AaRuLzOxct8nz4T6wlgyUR7zLU309k9mBC768=",
        "owner": "nix-systems",
        "repo": "default",
        "rev": "da67096a3b9bf56a91d16901293e51ba5b49a27e",
        "type": "github"
      },
      "original": {
        "owner": "nix-systems",
        "repo": "default",
        "type": "github"
      }
    }
  },
  "root": "root",
  "version": 7
}
