{
  "nodes": {
    "crane": {
      "inputs": {
        "nixpkgs": [
          "huey",
          "nixpkgs"
        ]
      },
      "locked": {
        "lastModified": 1708794349,
        "narHash": "sha256-jX+B1VGHT0ruHHL5RwS8L21R6miBn4B6s9iVyUJsJJY=",
        "owner": "ipetkov",
        "repo": "crane",
        "rev": "2c94ff9a6fbeb9f3ea0107f28688edbe9c81deaa",
        "type": "github"
      },
      "original": {
        "owner": "ipetkov",
        "repo": "crane",
        "type": "github"
      }
    },
    "flake-utils": {
      "inputs": {
        "systems": "systems"
      },
      "locked": {
        "lastModified": 1705309234,
        "narHash": "sha256-uNRRNRKmJyCRC/8y1RqBkqWBLM034y4qN7EprSdmgyA=",
        "owner": "numtide",
        "repo": "flake-utils",
        "rev": "1ef2e671c3b0c19053962c07dbda38332dcebf26",
        "type": "github"
      },
      "original": {
        "owner": "numtide",
        "repo": "flake-utils",
        "type": "github"
      }
    },
    "huey": {
      "inputs": {
        "crane": "crane",
        "flake-utils": [
          "flake-utils"
        ],
        "nixpkgs": [
          "nixpkgs"
        ],
        "rust-overlay": "rust-overlay"
      },
      "locked": {
        "lastModified": 1708976640,
        "narHash": "sha256-Aq+737D6p6IOynQsWEvbXWKaP2ya72lDHRv0xtc271I=",
        "owner": "oahlen",
        "repo": "huey",
        "rev": "35decd0b516265891a8b18bbf3a57d9aafc9f0ff",
        "type": "github"
      },
      "original": {
        "owner": "oahlen",
        "repo": "huey",
        "type": "github"
      }
    },
    "nixpkgs": {
      "locked": {
        "lastModified": 1708971694,
        "narHash": "sha256-mBXQ65IrCJbNgTrj0+6xdXpD9/U31AWPKdwGlOufhtI=",
        "owner": "NixOS",
        "repo": "nixpkgs",
        "rev": "4dd376f7943c64b522224a548d9cab5627b4d9d6",
        "type": "github"
      },
      "original": {
        "owner": "NixOS",
        "ref": "release-23.11",
        "repo": "nixpkgs",
        "type": "github"
      }
    },
    "root": {
      "inputs": {
        "flake-utils": "flake-utils",
        "huey": "huey",
        "nixpkgs": "nixpkgs"
      }
    },
    "rust-overlay": {
      "inputs": {
        "flake-utils": [
          "huey",
          "flake-utils"
        ],
        "nixpkgs": [
          "huey",
          "nixpkgs"
        ]
      },
      "locked": {
        "lastModified": 1708913568,
        "narHash": "sha256-76PGANC2ADf0h7fe0w2nWpfdGN+bemFs2rvW2EdU/ZY=",
        "owner": "oxalica",
        "repo": "rust-overlay",
        "rev": "cbdf3e5bb205ff2ca165fe661fbd6d885cbd0106",
        "type": "github"
      },
      "original": {
        "owner": "oxalica",
        "repo": "rust-overlay",
        "type": "github"
      }
    },
    "systems": {
      "locked": {
        "lastModified": 1681028828,
        "narHash": "sha256-Vy1rq5AaRuLzOxct8nz4T6wlgyUR7zLU309k9mBC768=",
        "owner": "nix-systems",
        "repo": "default",
        "rev": "da67096a3b9bf56a91d16901293e51ba5b49a27e",
        "type": "github"
      },
      "original": {
        "owner": "nix-systems",
        "repo": "default",
        "type": "github"
      }
    }
  },
  "root": "root",
  "version": 7
}
