{
  "nodes": {
    "crane": {
      "inputs": {
        "nixpkgs": [
          "huey",
          "nixpkgs"
        ]
      },
      "locked": {
        "lastModified": 1712681629,
        "narHash": "sha256-bMDXn4AkTXLCpoZbII6pDGoSeSe9gI87jxPsHRXgu/E=",
        "owner": "ipetkov",
        "repo": "crane",
        "rev": "220387ac8e99cbee0ca4c95b621c4bc782b6a235",
        "type": "github"
      },
      "original": {
        "owner": "ipetkov",
        "repo": "crane",
        "type": "github"
      }
    },
    "flake-utils": {
      "inputs": {
        "systems": "systems"
      },
      "locked": {
        "lastModified": 1726560853,
        "narHash": "sha256-X6rJYSESBVr3hBoH0WbKE5KvhPU5bloyZ2L4K60/fPQ=",
        "owner": "numtide",
        "repo": "flake-utils",
        "rev": "c1dfcf08411b08f6b8615f7d8971a2bfa81d5e8a",
        "type": "github"
      },
      "original": {
        "owner": "numtide",
        "repo": "flake-utils",
        "type": "github"
      }
    },
    "huey": {
      "inputs": {
        "crane": "crane",
        "flake-utils": [
          "flake-utils"
        ],
        "nixpkgs": [
          "nixpkgs"
        ],
        "rust-overlay": "rust-overlay"
      },
      "locked": {
        "lastModified": 1713461180,
        "narHash": "sha256-se+IjJKP8Z1szOVpoyFQEE2QjyMkb2wbB8pLUo+zb6k=",
        "owner": "oahlen",
        "repo": "huey",
        "rev": "d971c8ffc7d791bc3214db4ee323fbb48a2dcdd1",
        "type": "github"
      },
      "original": {
        "owner": "oahlen",
        "repo": "huey",
        "type": "github"
      }
    },
    "nixpkgs": {
      "locked": {
        "lastModified": 1729530158,
        "narHash": "sha256-rprj2S6w8RjDyNPnHbb2HIgE8lnbfic8L1YbUURJRYU=",
        "owner": "NixOS",
        "repo": "nixpkgs",
        "rev": "a3f90277d366596f8fdac8d9608d2471e204a77a",
        "type": "github"
      },
      "original": {
        "owner": "NixOS",
        "ref": "release-24.05",
        "repo": "nixpkgs",
        "type": "github"
      }
    },
    "root": {
      "inputs": {
        "flake-utils": "flake-utils",
        "huey": "huey",
        "nixpkgs": "nixpkgs"
      }
    },
    "rust-overlay": {
      "inputs": {
        "flake-utils": [
          "huey",
          "flake-utils"
        ],
        "nixpkgs": [
          "huey",
          "nixpkgs"
        ]
      },
      "locked": {
        "lastModified": 1713406362,
        "narHash": "sha256-85f70DM03RWqzahxXChSWcbnUYAKYBDBvyQ4P+kXVBk=",
        "owner": "oxalica",
        "repo": "rust-overlay",
        "rev": "05a4f1b28ee59f589c8a0ad877741de3c3bf894d",
        "type": "github"
      },
      "original": {
        "owner": "oxalica",
        "repo": "rust-overlay",
        "type": "github"
      }
    },
    "systems": {
      "locked": {
        "lastModified": 1681028828,
        "narHash": "sha256-Vy1rq5AaRuLzOxct8nz4T6wlgyUR7zLU309k9mBC768=",
        "owner": "nix-systems",
        "repo": "default",
        "rev": "da67096a3b9bf56a91d16901293e51ba5b49a27e",
        "type": "github"
      },
      "original": {
        "owner": "nix-systems",
        "repo": "default",
        "type": "github"
      }
    }
  },
  "root": "root",
  "version": 7
}
